
Microsoft Visual Studio Solution File, Format Version 12.00
Project("{FAE04EC0-301F-11D3-BF4B-00C04F79EFBC}") = "github-do-not-ban-us", "github-do-not-ban-us\github-do-not-ban-us.csproj", "{050F273E-6581-42DE-92C3-8C137FE4FF97}"
EndProject
Global
	GlobalSection(SolutionConfigurationPlatforms) = preSolution
		Debug|Any CPU = Debug|Any CPU
		Release|Any CPU = Release|Any CPU
	EndGlobalSection
	GlobalSection(ProjectConfigurationPlatforms) = postSolution
		{050F273E-6581-42DE-92C3-8C137FE4FF97}.Debug|Any CPU.ActiveCfg = Debug|Any CPU
		{050F273E-6581-42DE-92C3-8C137FE4FF97}.Debug|Any CPU.Build.0 = Debug|Any CPU
		{050F273E-6581-42DE-92C3-8C137FE4FF97}.Release|Any CPU.ActiveCfg = Release|Any CPU
		{050F273E-6581-42DE-92C3-8C137FE4FF97}.Release|Any CPU.Build.0 = Release|Any CPU
	EndGlobalSection
EndGlobal
